{
  "name": "Api_inte",
  "lockfileVersion": 3,
  "requires": true,
  "packages": {
    "": {
      "dependencies": {
        "checkbox-tree": "^2.0.4"
      }
    },
    "node_modules/checkbox-tree": {
      "version": "2.0.4",
      "resolved": "https://registry.npmjs.org/checkbox-tree/-/checkbox-tree-2.0.4.tgz",
      "integrity": "sha512-kxtt2M//Qof/xqX6RD4JG/RQBQPa1+5LLmTRxeoodcN3BFFOLCxqBlMj0UVcLKrC1gkmPvlW4W3iupZ3VcHLIg==",
      "license": "MIT"
    }
  }
}
